
Microsoft Visual Studio Solution File, Format Version 12.00
# Visual Studio Version 16
VisualStudioVersion = 16.0.30320.27
MinimumVisualStudioVersion = 10.0.40219.1
Project("{FAE04EC0-301F-11D3-BF4B-00C04F79EFBC}") = "Managment", "Managment\Managment.csproj", "{DF45133A-B7C1-4BBF-A562-45D9355B7062}"
EndProject
Global
	GlobalSection(SolutionConfigurationPlatforms) = preSolution
		Debug|Any CPU = Debug|Any CPU
		Release|Any CPU = Release|Any CPU
	EndGlobalSection
	GlobalSection(ProjectConfigurationPlatforms) = postSolution
		{DF45133A-B7C1-4BBF-A562-45D9355B7062}.Debug|Any CPU.ActiveCfg = Debug|Any CPU
		{DF45133A-B7C1-4BBF-A562-45D9355B7062}.Debug|Any CPU.Build.0 = Debug|Any CPU
		{DF45133A-B7C1-4BBF-A562-45D9355B7062}.Release|Any CPU.ActiveCfg = Release|Any CPU
		{DF45133A-B7C1-4BBF-A562-45D9355B7062}.Release|Any CPU.Build.0 = Release|Any CPU
	EndGlobalSection
	GlobalSection(SolutionProperties) = preSolution
		HideSolutionNode = FALSE
	EndGlobalSection
	GlobalSection(ExtensibilityGlobals) = postSolution
		SolutionGuid = {898B3053-6200-4304-A1CD-B9083B01A95E}
	EndGlobalSection
EndGlobal
